
Microsoft Visual Studio Solution File, Format Version 12.00
# Visual Studio Version 16
VisualStudioVersion = 16.0.31729.503
MinimumVisualStudioVersion = 10.0.40219.1
Project("{FAE04EC0-301F-11D3-BF4B-00C04F79EFBC}") = "method8", "method8\method8.csproj", "{55740484-0EDD-49C0-BE07-8BBC5B5863BE}"
EndProject
Global
	GlobalSection(SolutionConfigurationPlatforms) = preSolution
		Debug|Any CPU = Debug|Any CPU
		Release|Any CPU = Release|Any CPU
	EndGlobalSection
	GlobalSection(ProjectConfigurationPlatforms) = postSolution
		{55740484-0EDD-49C0-BE07-8BBC5B5863BE}.Debug|Any CPU.ActiveCfg = Debug|Any CPU
		{55740484-0EDD-49C0-BE07-8BBC5B5863BE}.Debug|Any CPU.Build.0 = Debug|Any CPU
		{55740484-0EDD-49C0-BE07-8BBC5B5863BE}.Release|Any CPU.ActiveCfg = Release|Any CPU
		{55740484-0EDD-49C0-BE07-8BBC5B5863BE}.Release|Any CPU.Build.0 = Release|Any CPU
	EndGlobalSection
	GlobalSection(SolutionProperties) = preSolution
		HideSolutionNode = FALSE
	EndGlobalSection
	GlobalSection(ExtensibilityGlobals) = postSolution
		SolutionGuid = {49823B99-0455-4F3F-991A-BBBC723089B3}
	EndGlobalSection
EndGlobal
