
Microsoft Visual Studio Solution File, Format Version 12.00
# Visual Studio Version 16
VisualStudioVersion = 16.0.30804.86
MinimumVisualStudioVersion = 10.0.40219.1
Project("{FAE04EC0-301F-11D3-BF4B-00C04F79EFBC}") = "1. Числа с плаваща запетая", "1. Числа с плаваща запетая\1. Числа с плаваща запетая.csproj", "{7CEE2B11-3DFE-4DD3-A19B-786317A83A63}"
EndProject
Global
	GlobalSection(SolutionConfigurationPlatforms) = preSolution
		Debug|Any CPU = Debug|Any CPU
		Release|Any CPU = Release|Any CPU
	EndGlobalSection
	GlobalSection(ProjectConfigurationPlatforms) = postSolution
		{7CEE2B11-3DFE-4DD3-A19B-786317A83A63}.Debug|Any CPU.ActiveCfg = Debug|Any CPU
		{7CEE2B11-3DFE-4DD3-A19B-786317A83A63}.Debug|Any CPU.Build.0 = Debug|Any CPU
		{7CEE2B11-3DFE-4DD3-A19B-786317A83A63}.Release|Any CPU.ActiveCfg = Release|Any CPU
		{7CEE2B11-3DFE-4DD3-A19B-786317A83A63}.Release|Any CPU.Build.0 = Release|Any CPU
	EndGlobalSection
	GlobalSection(SolutionProperties) = preSolution
		HideSolutionNode = FALSE
	EndGlobalSection
	GlobalSection(ExtensibilityGlobals) = postSolution
		SolutionGuid = {89023A3E-B89E-487D-88D2-448A271EE03E}
	EndGlobalSection
EndGlobal
