
Microsoft Visual Studio Solution File, Format Version 12.00
# Visual Studio Version 16
VisualStudioVersion = 16.0.30804.86
MinimumVisualStudioVersion = 10.0.40219.1
Project("{FAE04EC0-301F-11D3-BF4B-00C04F79EFBC}") = "6. Рефакторирайте Обем на пирамида", "6. Рефакторирайте Обем на пирамида\6. Рефакторирайте Обем на пирамида.csproj", "{C186211A-B70B-45E8-9C4F-DED52007372F}"
EndProject
Global
	GlobalSection(SolutionConfigurationPlatforms) = preSolution
		Debug|Any CPU = Debug|Any CPU
		Release|Any CPU = Release|Any CPU
	EndGlobalSection
	GlobalSection(ProjectConfigurationPlatforms) = postSolution
		{C186211A-B70B-45E8-9C4F-DED52007372F}.Debug|Any CPU.ActiveCfg = Debug|Any CPU
		{C186211A-B70B-45E8-9C4F-DED52007372F}.Debug|Any CPU.Build.0 = Debug|Any CPU
		{C186211A-B70B-45E8-9C4F-DED52007372F}.Release|Any CPU.ActiveCfg = Release|Any CPU
		{C186211A-B70B-45E8-9C4F-DED52007372F}.Release|Any CPU.Build.0 = Release|Any CPU
	EndGlobalSection
	GlobalSection(SolutionProperties) = preSolution
		HideSolutionNode = FALSE
	EndGlobalSection
	GlobalSection(ExtensibilityGlobals) = postSolution
		SolutionGuid = {0A3D4857-A38A-4C46-B54D-CDD0C649F6AB}
	EndGlobalSection
EndGlobal
