
Microsoft Visual Studio Solution File, Format Version 12.00
# Visual Studio Version 16
VisualStudioVersion = 16.0.31702.278
MinimumVisualStudioVersion = 10.0.40219.1
Project("{FAE04EC0-301F-11D3-BF4B-00C04F79EFBC}") = "SguniSuberi", "SguniSuberi\SguniSuberi.csproj", "{BE2E103D-4D2C-4B8A-8BB7-A79FCF3227AB}"
EndProject
Global
	GlobalSection(SolutionConfigurationPlatforms) = preSolution
		Debug|Any CPU = Debug|Any CPU
		Release|Any CPU = Release|Any CPU
	EndGlobalSection
	GlobalSection(ProjectConfigurationPlatforms) = postSolution
		{BE2E103D-4D2C-4B8A-8BB7-A79FCF3227AB}.Debug|Any CPU.ActiveCfg = Debug|Any CPU
		{BE2E103D-4D2C-4B8A-8BB7-A79FCF3227AB}.Debug|Any CPU.Build.0 = Debug|Any CPU
		{BE2E103D-4D2C-4B8A-8BB7-A79FCF3227AB}.Release|Any CPU.ActiveCfg = Release|Any CPU
		{BE2E103D-4D2C-4B8A-8BB7-A79FCF3227AB}.Release|Any CPU.Build.0 = Release|Any CPU
	EndGlobalSection
	GlobalSection(SolutionProperties) = preSolution
		HideSolutionNode = FALSE
	EndGlobalSection
	GlobalSection(ExtensibilityGlobals) = postSolution
		SolutionGuid = {469914A6-E85A-4AF8-A704-A846C592907D}
	EndGlobalSection
EndGlobal
