
Microsoft Visual Studio Solution File, Format Version 12.00
# Visual Studio Version 16
VisualStudioVersion = 16.0.30804.86
MinimumVisualStudioVersion = 10.0.40219.1
Project("{FAE04EC0-301F-11D3-BF4B-00C04F79EFBC}") = "6. Делене на цели числа", "6. Делене на цели числа\6. Делене на цели числа.csproj", "{4387961B-311E-4AD7-9D1C-C78B4DB5CEC3}"
EndProject
Global
	GlobalSection(SolutionConfigurationPlatforms) = preSolution
		Debug|Any CPU = Debug|Any CPU
		Release|Any CPU = Release|Any CPU
	EndGlobalSection
	GlobalSection(ProjectConfigurationPlatforms) = postSolution
		{4387961B-311E-4AD7-9D1C-C78B4DB5CEC3}.Debug|Any CPU.ActiveCfg = Debug|Any CPU
		{4387961B-311E-4AD7-9D1C-C78B4DB5CEC3}.Debug|Any CPU.Build.0 = Debug|Any CPU
		{4387961B-311E-4AD7-9D1C-C78B4DB5CEC3}.Release|Any CPU.ActiveCfg = Release|Any CPU
		{4387961B-311E-4AD7-9D1C-C78B4DB5CEC3}.Release|Any CPU.Build.0 = Release|Any CPU
	EndGlobalSection
	GlobalSection(SolutionProperties) = preSolution
		HideSolutionNode = FALSE
	EndGlobalSection
	GlobalSection(ExtensibilityGlobals) = postSolution
		SolutionGuid = {F7E61F00-B27D-480C-A563-25799A4C66A6}
	EndGlobalSection
EndGlobal
