
Microsoft Visual Studio Solution File, Format Version 12.00
# Visual Studio Version 16
VisualStudioVersion = 16.0.31729.503
MinimumVisualStudioVersion = 10.0.40219.1
Project("{FAE04EC0-301F-11D3-BF4B-00C04F79EFBC}") = "method", "method\method.csproj", "{C38632AF-5652-4E99-81BD-B85E377AC554}"
EndProject
Global
	GlobalSection(SolutionConfigurationPlatforms) = preSolution
		Debug|Any CPU = Debug|Any CPU
		Release|Any CPU = Release|Any CPU
	EndGlobalSection
	GlobalSection(ProjectConfigurationPlatforms) = postSolution
		{C38632AF-5652-4E99-81BD-B85E377AC554}.Debug|Any CPU.ActiveCfg = Debug|Any CPU
		{C38632AF-5652-4E99-81BD-B85E377AC554}.Debug|Any CPU.Build.0 = Debug|Any CPU
		{C38632AF-5652-4E99-81BD-B85E377AC554}.Release|Any CPU.ActiveCfg = Release|Any CPU
		{C38632AF-5652-4E99-81BD-B85E377AC554}.Release|Any CPU.Build.0 = Release|Any CPU
	EndGlobalSection
	GlobalSection(SolutionProperties) = preSolution
		HideSolutionNode = FALSE
	EndGlobalSection
	GlobalSection(ExtensibilityGlobals) = postSolution
		SolutionGuid = {A4A4C559-4908-4D08-95A9-7F5E37522D95}
	EndGlobalSection
EndGlobal
