
Microsoft Visual Studio Solution File, Format Version 12.00
# Visual Studio Version 16
VisualStudioVersion = 16.0.31729.503
MinimumVisualStudioVersion = 10.0.40219.1
Project("{FAE04EC0-301F-11D3-BF4B-00C04F79EFBC}") = "tipove_danni", "tipove_danni\tipove_danni.csproj", "{7B606BCF-D404-4960-8151-FF91360C5287}"
EndProject
Global
	GlobalSection(SolutionConfigurationPlatforms) = preSolution
		Debug|Any CPU = Debug|Any CPU
		Release|Any CPU = Release|Any CPU
	EndGlobalSection
	GlobalSection(ProjectConfigurationPlatforms) = postSolution
		{7B606BCF-D404-4960-8151-FF91360C5287}.Debug|Any CPU.ActiveCfg = Debug|Any CPU
		{7B606BCF-D404-4960-8151-FF91360C5287}.Debug|Any CPU.Build.0 = Debug|Any CPU
		{7B606BCF-D404-4960-8151-FF91360C5287}.Release|Any CPU.ActiveCfg = Release|Any CPU
		{7B606BCF-D404-4960-8151-FF91360C5287}.Release|Any CPU.Build.0 = Release|Any CPU
	EndGlobalSection
	GlobalSection(SolutionProperties) = preSolution
		HideSolutionNode = FALSE
	EndGlobalSection
	GlobalSection(ExtensibilityGlobals) = postSolution
		SolutionGuid = {A0F2C018-3EDB-4BE3-B15B-14A886770E0F}
	EndGlobalSection
EndGlobal
