
Microsoft Visual Studio Solution File, Format Version 12.00
# Visual Studio Version 16
VisualStudioVersion = 16.0.31729.503
MinimumVisualStudioVersion = 10.0.40219.1
Project("{FAE04EC0-301F-11D3-BF4B-00C04F79EFBC}") = "list_new", "list_new\list_new.csproj", "{D6182DB9-0B74-4AE5-B965-CDD7FFFCB5EE}"
EndProject
Global
	GlobalSection(SolutionConfigurationPlatforms) = preSolution
		Debug|Any CPU = Debug|Any CPU
		Release|Any CPU = Release|Any CPU
	EndGlobalSection
	GlobalSection(ProjectConfigurationPlatforms) = postSolution
		{D6182DB9-0B74-4AE5-B965-CDD7FFFCB5EE}.Debug|Any CPU.ActiveCfg = Debug|Any CPU
		{D6182DB9-0B74-4AE5-B965-CDD7FFFCB5EE}.Debug|Any CPU.Build.0 = Debug|Any CPU
		{D6182DB9-0B74-4AE5-B965-CDD7FFFCB5EE}.Release|Any CPU.ActiveCfg = Release|Any CPU
		{D6182DB9-0B74-4AE5-B965-CDD7FFFCB5EE}.Release|Any CPU.Build.0 = Release|Any CPU
	EndGlobalSection
	GlobalSection(SolutionProperties) = preSolution
		HideSolutionNode = FALSE
	EndGlobalSection
	GlobalSection(ExtensibilityGlobals) = postSolution
		SolutionGuid = {F317638C-E9C6-4D91-8444-6E5EC6F82DFC}
	EndGlobalSection
EndGlobal
